
Microsoft Visual Studio Solution File, Format Version 12.00
# Visual Studio 2012
Project("{FAE04EC0-301F-11D3-BF4B-00C04F79EFBC}") = "PerformanceEvaluation", "PerformanceEvaluation\PerformanceEvaluation.csproj", "{B442D692-3006-45CF-8074-656D66E9D147}"
EndProject
Global
	GlobalSection(SolutionConfigurationPlatforms) = preSolution
		Debug|Any CPU = Debug|Any CPU
		Release|Any CPU = Release|Any CPU
	EndGlobalSection
	GlobalSection(ProjectConfigurationPlatforms) = postSolution
		{B442D692-3006-45CF-8074-656D66E9D147}.Debug|Any CPU.ActiveCfg = Debug|Any CPU
		{B442D692-3006-45CF-8074-656D66E9D147}.Debug|Any CPU.Build.0 = Debug|Any CPU
		{B442D692-3006-45CF-8074-656D66E9D147}.Release|Any CPU.ActiveCfg = Release|Any CPU
		{B442D692-3006-45CF-8074-656D66E9D147}.Release|Any CPU.Build.0 = Release|Any CPU
	EndGlobalSection
	GlobalSection(SolutionProperties) = preSolution
		HideSolutionNode = FALSE
	EndGlobalSection
EndGlobal
